
Microsoft Visual Studio Solution File, Format Version 12.00
# Visual Studio Version 17
VisualStudioVersion = 17.8.34511.84
MinimumVisualStudioVersion = 10.0.40219.1
Project("{FAE04EC0-301F-11D3-BF4B-00C04F79EFBC}") = "WebApp", "WebApp.csproj", "{31BD7C11-7516-4B8F-A6C1-939BE0B0CE3D}"
EndProject
Global
	GlobalSection(SolutionConfigurationPlatforms) = preSolution
		Debug|Any CPU = Debug|Any CPU
		Release|Any CPU = Release|Any CPU
	EndGlobalSection
	GlobalSection(ProjectConfigurationPlatforms) = postSolution
		{31BD7C11-7516-4B8F-A6C1-939BE0B0CE3D}.Debug|Any CPU.ActiveCfg = Debug|Any CPU
		{31BD7C11-7516-4B8F-A6C1-939BE0B0CE3D}.Debug|Any CPU.Build.0 = Debug|Any CPU
		{31BD7C11-7516-4B8F-A6C1-939BE0B0CE3D}.Release|Any CPU.ActiveCfg = Release|Any CPU
		{31BD7C11-7516-4B8F-A6C1-939BE0B0CE3D}.Release|Any CPU.Build.0 = Release|Any CPU
	EndGlobalSection
	GlobalSection(SolutionProperties) = preSolution
		HideSolutionNode = FALSE
	EndGlobalSection
	GlobalSection(ExtensibilityGlobals) = postSolution
		SolutionGuid = {E05F5681-4552-4455-A4D1-AA1A4D48A31C}
	EndGlobalSection
EndGlobal
